
Microsoft Visual Studio Solution File, Format Version 12.00
# Visual Studio 15
VisualStudioVersion = 15.0.28307.1401
MinimumVisualStudioVersion = 10.0.40219.1
Project("{8BC9CEB8-8B4A-11D0-8D11-00A0C91BC942}") = "17_ENG_072", "17_ENG_072\17_ENG_072.vcxproj", "{CDA156B7-1F13-4138-8B8A-F6F9B7486C25}"
EndProject
Global
	GlobalSection(SolutionConfigurationPlatforms) = preSolution
		Debug|x64 = Debug|x64
		Debug|x86 = Debug|x86
		Release|x64 = Release|x64
		Release|x86 = Release|x86
	EndGlobalSection
	GlobalSection(ProjectConfigurationPlatforms) = postSolution
		{CDA156B7-1F13-4138-8B8A-F6F9B7486C25}.Debug|x64.ActiveCfg = Debug|x64
		{CDA156B7-1F13-4138-8B8A-F6F9B7486C25}.Debug|x64.Build.0 = Debug|x64
		{CDA156B7-1F13-4138-8B8A-F6F9B7486C25}.Debug|x86.ActiveCfg = Debug|Win32
		{CDA156B7-1F13-4138-8B8A-F6F9B7486C25}.Debug|x86.Build.0 = Debug|Win32
		{CDA156B7-1F13-4138-8B8A-F6F9B7486C25}.Release|x64.ActiveCfg = Release|x64
		{CDA156B7-1F13-4138-8B8A-F6F9B7486C25}.Release|x64.Build.0 = Release|x64
		{CDA156B7-1F13-4138-8B8A-F6F9B7486C25}.Release|x86.ActiveCfg = Release|Win32
		{CDA156B7-1F13-4138-8B8A-F6F9B7486C25}.Release|x86.Build.0 = Release|Win32
	EndGlobalSection
	GlobalSection(SolutionProperties) = preSolution
		HideSolutionNode = FALSE
	EndGlobalSection
	GlobalSection(ExtensibilityGlobals) = postSolution
		SolutionGuid = {C1372D5B-7165-4191-9785-36D4C8DD4D4A}
	EndGlobalSection
EndGlobal
